
Microsoft Visual Studio Solution File, Format Version 12.00
# Visual Studio Version 16
VisualStudioVersion = 16.0.30717.126
MinimumVisualStudioVersion = 10.0.40219.1
Project("{FAE04EC0-301F-11D3-BF4B-00C04F79EFBC}") = "JogoXadrezTent3", "JogoXadrezTent3\JogoXadrezTent3.csproj", "{06491434-CE31-4D91-860E-3147B11337BA}"
EndProject
Global
	GlobalSection(SolutionConfigurationPlatforms) = preSolution
		Debug|Any CPU = Debug|Any CPU
		Release|Any CPU = Release|Any CPU
	EndGlobalSection
	GlobalSection(ProjectConfigurationPlatforms) = postSolution
		{06491434-CE31-4D91-860E-3147B11337BA}.Debug|Any CPU.ActiveCfg = Debug|Any CPU
		{06491434-CE31-4D91-860E-3147B11337BA}.Debug|Any CPU.Build.0 = Debug|Any CPU
		{06491434-CE31-4D91-860E-3147B11337BA}.Release|Any CPU.ActiveCfg = Release|Any CPU
		{06491434-CE31-4D91-860E-3147B11337BA}.Release|Any CPU.Build.0 = Release|Any CPU
	EndGlobalSection
	GlobalSection(SolutionProperties) = preSolution
		HideSolutionNode = FALSE
	EndGlobalSection
	GlobalSection(ExtensibilityGlobals) = postSolution
		SolutionGuid = {C46E1D31-67FB-4466-BF7B-FE7ED0174146}
	EndGlobalSection
EndGlobal
